
Microsoft Visual Studio Solution File, Format Version 12.00
# Visual Studio Version 16
VisualStudioVersion = 16.0.29403.142
MinimumVisualStudioVersion = 10.0.40219.1
Project("{FAE04EC0-301F-11D3-BF4B-00C04F79EFBC}") = "MyApp", "MyApp\MyApp.csproj", "{BCC6820E-C5C8-4281-A109-955BF4776E02}"
EndProject
Global
	GlobalSection(SolutionConfigurationPlatforms) = preSolution
		Debug|Any CPU = Debug|Any CPU
		Release|Any CPU = Release|Any CPU
	EndGlobalSection
	GlobalSection(ProjectConfigurationPlatforms) = postSolution
		{BCC6820E-C5C8-4281-A109-955BF4776E02}.Debug|Any CPU.ActiveCfg = Debug|Any CPU
		{BCC6820E-C5C8-4281-A109-955BF4776E02}.Debug|Any CPU.Build.0 = Debug|Any CPU
		{BCC6820E-C5C8-4281-A109-955BF4776E02}.Release|Any CPU.ActiveCfg = Release|Any CPU
		{BCC6820E-C5C8-4281-A109-955BF4776E02}.Release|Any CPU.Build.0 = Release|Any CPU
	EndGlobalSection
	GlobalSection(SolutionProperties) = preSolution
		HideSolutionNode = FALSE
	EndGlobalSection
	GlobalSection(ExtensibilityGlobals) = postSolution
		SolutionGuid = {685F52E0-72FF-49DD-9F45-1B4358C74172}
	EndGlobalSection
EndGlobal
