
Microsoft Visual Studio Solution File, Format Version 12.00
# Visual Studio Version 16
VisualStudioVersion = 16.0.29418.71
MinimumVisualStudioVersion = 10.0.40219.1
Project("{FAE04EC0-301F-11D3-BF4B-00C04F79EFBC}") = "Arrays", "Arrays\Arrays.csproj", "{78123D0F-93A4-4B8C-9487-9E7ADE84D8DA}"
EndProject
Global
	GlobalSection(SolutionConfigurationPlatforms) = preSolution
		Debug|Any CPU = Debug|Any CPU
		Release|Any CPU = Release|Any CPU
	EndGlobalSection
	GlobalSection(ProjectConfigurationPlatforms) = postSolution
		{78123D0F-93A4-4B8C-9487-9E7ADE84D8DA}.Debug|Any CPU.ActiveCfg = Debug|Any CPU
		{78123D0F-93A4-4B8C-9487-9E7ADE84D8DA}.Debug|Any CPU.Build.0 = Debug|Any CPU
		{78123D0F-93A4-4B8C-9487-9E7ADE84D8DA}.Release|Any CPU.ActiveCfg = Release|Any CPU
		{78123D0F-93A4-4B8C-9487-9E7ADE84D8DA}.Release|Any CPU.Build.0 = Release|Any CPU
	EndGlobalSection
	GlobalSection(SolutionProperties) = preSolution
		HideSolutionNode = FALSE
	EndGlobalSection
	GlobalSection(ExtensibilityGlobals) = postSolution
		SolutionGuid = {A2403433-877E-44FC-BA05-B8B3A527F106}
	EndGlobalSection
EndGlobal
