
Microsoft Visual Studio Solution File, Format Version 12.00
# Visual Studio Version 16
VisualStudioVersion = 16.0.29424.173
MinimumVisualStudioVersion = 10.0.40219.1
Project("{FAE04EC0-301F-11D3-BF4B-00C04F79EFBC}") = "CreatingThreads", "CreatingThreads\CreatingThreads.csproj", "{FEE911BA-77A8-4289-890E-9A39BA1067D1}"
EndProject
Global
	GlobalSection(SolutionConfigurationPlatforms) = preSolution
		Debug|Any CPU = Debug|Any CPU
		Release|Any CPU = Release|Any CPU
	EndGlobalSection
	GlobalSection(ProjectConfigurationPlatforms) = postSolution
		{FEE911BA-77A8-4289-890E-9A39BA1067D1}.Debug|Any CPU.ActiveCfg = Debug|Any CPU
		{FEE911BA-77A8-4289-890E-9A39BA1067D1}.Debug|Any CPU.Build.0 = Debug|Any CPU
		{FEE911BA-77A8-4289-890E-9A39BA1067D1}.Release|Any CPU.ActiveCfg = Release|Any CPU
		{FEE911BA-77A8-4289-890E-9A39BA1067D1}.Release|Any CPU.Build.0 = Release|Any CPU
	EndGlobalSection
	GlobalSection(SolutionProperties) = preSolution
		HideSolutionNode = FALSE
	EndGlobalSection
	GlobalSection(ExtensibilityGlobals) = postSolution
		SolutionGuid = {A2D6D45D-A9D4-4985-BABE-DD5094B0782C}
	EndGlobalSection
EndGlobal
